
Microsoft Visual Studio Solution File, Format Version 11.00
# Visual Studio 2010
Project("{FAE04EC0-301F-11D3-BF4B-00C04F79EFBC}") = "Bugfree.SharePoint.ListAttachmentVersioning", "Bugfree.SharePoint.ListAttachmentVersioning\Bugfree.SharePoint.ListAttachmentVersioning.csproj", "{FD32E58B-8B29-4A51-8531-2E45753648E6}"
EndProject
Project("{FAE04EC0-301F-11D3-BF4B-00C04F79EFBC}") = "Bugfree.SharePoint.Common", "Bugfree.SharePoint.Common\Bugfree.SharePoint.Common.csproj", "{A45CFE87-64D5-44DD-A680-D62506BEF629}"
EndProject
Project("{F2A71F9B-5D33-465A-A702-920D77279786}") = "Bugfree.SharePoint.TermSetImporter", "Bugfree.SharePoint.TermSetImporter\Bugfree.SharePoint.TermSetImporter.fsproj", "{283E0775-0884-42C9-A77F-6B2DD67CD46D}"
EndProject
Global
	GlobalSection(SolutionConfigurationPlatforms) = preSolution
		Debug|Any CPU = Debug|Any CPU
		Debug|Mixed Platforms = Debug|Mixed Platforms
		Debug|x86 = Debug|x86
		Release|Any CPU = Release|Any CPU
		Release|Mixed Platforms = Release|Mixed Platforms
		Release|x86 = Release|x86
	EndGlobalSection
	GlobalSection(ProjectConfigurationPlatforms) = postSolution
		{FD32E58B-8B29-4A51-8531-2E45753648E6}.Debug|Any CPU.ActiveCfg = Debug|Any CPU
		{FD32E58B-8B29-4A51-8531-2E45753648E6}.Debug|Any CPU.Build.0 = Debug|Any CPU
		{FD32E58B-8B29-4A51-8531-2E45753648E6}.Debug|Any CPU.Deploy.0 = Debug|Any CPU
		{FD32E58B-8B29-4A51-8531-2E45753648E6}.Debug|Mixed Platforms.ActiveCfg = Debug|Any CPU
		{FD32E58B-8B29-4A51-8531-2E45753648E6}.Debug|Mixed Platforms.Build.0 = Debug|Any CPU
		{FD32E58B-8B29-4A51-8531-2E45753648E6}.Debug|Mixed Platforms.Deploy.0 = Debug|Any CPU
		{FD32E58B-8B29-4A51-8531-2E45753648E6}.Debug|x86.ActiveCfg = Debug|Any CPU
		{FD32E58B-8B29-4A51-8531-2E45753648E6}.Release|Any CPU.ActiveCfg = Release|Any CPU
		{FD32E58B-8B29-4A51-8531-2E45753648E6}.Release|Any CPU.Build.0 = Release|Any CPU
		{FD32E58B-8B29-4A51-8531-2E45753648E6}.Release|Any CPU.Deploy.0 = Release|Any CPU
		{FD32E58B-8B29-4A51-8531-2E45753648E6}.Release|Mixed Platforms.ActiveCfg = Release|Any CPU
		{FD32E58B-8B29-4A51-8531-2E45753648E6}.Release|Mixed Platforms.Build.0 = Release|Any CPU
		{FD32E58B-8B29-4A51-8531-2E45753648E6}.Release|Mixed Platforms.Deploy.0 = Release|Any CPU
		{FD32E58B-8B29-4A51-8531-2E45753648E6}.Release|x86.ActiveCfg = Release|Any CPU
		{A45CFE87-64D5-44DD-A680-D62506BEF629}.Debug|Any CPU.ActiveCfg = Debug|Any CPU
		{A45CFE87-64D5-44DD-A680-D62506BEF629}.Debug|Any CPU.Build.0 = Debug|Any CPU
		{A45CFE87-64D5-44DD-A680-D62506BEF629}.Debug|Any CPU.Deploy.0 = Debug|Any CPU
		{A45CFE87-64D5-44DD-A680-D62506BEF629}.Debug|Mixed Platforms.ActiveCfg = Debug|Any CPU
		{A45CFE87-64D5-44DD-A680-D62506BEF629}.Debug|Mixed Platforms.Build.0 = Debug|Any CPU
		{A45CFE87-64D5-44DD-A680-D62506BEF629}.Debug|Mixed Platforms.Deploy.0 = Debug|Any CPU
		{A45CFE87-64D5-44DD-A680-D62506BEF629}.Debug|x86.ActiveCfg = Debug|Any CPU
		{A45CFE87-64D5-44DD-A680-D62506BEF629}.Release|Any CPU.ActiveCfg = Release|Any CPU
		{A45CFE87-64D5-44DD-A680-D62506BEF629}.Release|Any CPU.Build.0 = Release|Any CPU
		{A45CFE87-64D5-44DD-A680-D62506BEF629}.Release|Any CPU.Deploy.0 = Release|Any CPU
		{A45CFE87-64D5-44DD-A680-D62506BEF629}.Release|Mixed Platforms.ActiveCfg = Release|Any CPU
		{A45CFE87-64D5-44DD-A680-D62506BEF629}.Release|Mixed Platforms.Build.0 = Release|Any CPU
		{A45CFE87-64D5-44DD-A680-D62506BEF629}.Release|Mixed Platforms.Deploy.0 = Release|Any CPU
		{A45CFE87-64D5-44DD-A680-D62506BEF629}.Release|x86.ActiveCfg = Release|Any CPU
		{283E0775-0884-42C9-A77F-6B2DD67CD46D}.Debug|Any CPU.ActiveCfg = Debug|x86
		{283E0775-0884-42C9-A77F-6B2DD67CD46D}.Debug|Mixed Platforms.ActiveCfg = Debug|x86
		{283E0775-0884-42C9-A77F-6B2DD67CD46D}.Debug|Mixed Platforms.Build.0 = Debug|x86
		{283E0775-0884-42C9-A77F-6B2DD67CD46D}.Debug|x86.ActiveCfg = Debug|x86
		{283E0775-0884-42C9-A77F-6B2DD67CD46D}.Debug|x86.Build.0 = Debug|x86
		{283E0775-0884-42C9-A77F-6B2DD67CD46D}.Release|Any CPU.ActiveCfg = Release|x86
		{283E0775-0884-42C9-A77F-6B2DD67CD46D}.Release|Mixed Platforms.ActiveCfg = Release|x86
		{283E0775-0884-42C9-A77F-6B2DD67CD46D}.Release|Mixed Platforms.Build.0 = Release|x86
		{283E0775-0884-42C9-A77F-6B2DD67CD46D}.Release|x86.ActiveCfg = Release|x86
		{283E0775-0884-42C9-A77F-6B2DD67CD46D}.Release|x86.Build.0 = Release|x86
	EndGlobalSection
	GlobalSection(SolutionProperties) = preSolution
		HideSolutionNode = FALSE
	EndGlobalSection
EndGlobal
